
Microsoft Visual Studio Solution File, Format Version 12.00
# Visual Studio 15
VisualStudioVersion = 15.0.27004.2008
MinimumVisualStudioVersion = 10.0.40219.1
Project("{FAE04EC0-301F-11D3-BF4B-00C04F79EFBC}") = "MVC_EssentialToos", "MVC_EssentialToos\MVC_EssentialToos.csproj", "{5E2F008A-0F8F-442A-B0E1-FFE5F3DF76EB}"
EndProject
Global
	GlobalSection(SolutionConfigurationPlatforms) = preSolution
		Debug|Any CPU = Debug|Any CPU
		Release|Any CPU = Release|Any CPU
	EndGlobalSection
	GlobalSection(ProjectConfigurationPlatforms) = postSolution
		{5E2F008A-0F8F-442A-B0E1-FFE5F3DF76EB}.Debug|Any CPU.ActiveCfg = Debug|Any CPU
		{5E2F008A-0F8F-442A-B0E1-FFE5F3DF76EB}.Debug|Any CPU.Build.0 = Debug|Any CPU
		{5E2F008A-0F8F-442A-B0E1-FFE5F3DF76EB}.Release|Any CPU.ActiveCfg = Release|Any CPU
		{5E2F008A-0F8F-442A-B0E1-FFE5F3DF76EB}.Release|Any CPU.Build.0 = Release|Any CPU
	EndGlobalSection
	GlobalSection(SolutionProperties) = preSolution
		HideSolutionNode = FALSE
	EndGlobalSection
	GlobalSection(ExtensibilityGlobals) = postSolution
		SolutionGuid = {7872550D-FC9D-49C0-B4ED-645974381F57}
	EndGlobalSection
EndGlobal
